// !$*UTF8*$!
{
	archiveVersion = 1;
	classes = {
	};
	objectVersion = 50;
	objects = {

/* Begin PBXBuildFile section */
		43FBBD792814162700C72574 /* AppDelegate.swift in Sources */ = {isa = PBXBuildFile; fileRef = 43FBBD782814162700C72574 /* AppDelegate.swift */; };
		43FBBD7B2814162700C72574 /* SceneDelegate.swift in Sources */ = {isa = PBXBuildFile; fileRef = 43FBBD7A2814162700C72574 /* SceneDelegate.swift */; };
		43FBBD802814162700C72574 /* Main.storyboard in Resources */ = {isa = PBXBuildFile; fileRef = 43FBBD7E2814162700C72574 /* Main.storyboard */; };
		43FBBD822814162800C72574 /* Assets.xcassets in Resources */ = {isa = PBXBuildFile; fileRef = 43FBBD812814162800C72574 /* Assets.xcassets */; };
		43FBBD852814162800C72574 /* LaunchScreen.storyboard in Resources */ = {isa = PBXBuildFile; fileRef = 43FBBD832814162800C72574 /* LaunchScreen.storyboard */; };
		43FBBD90281421E600C72574 /* RegisterViewController.swift in Sources */ = {isa = PBXBuildFile; fileRef = 43FBBD8F281421E600C72574 /* RegisterViewController.swift */; };
		43FBBD922814223F00C72574 /* DeleteViewController.swift in Sources */ = {isa = PBXBuildFile; fileRef = 43FBBD912814223F00C72574 /* DeleteViewController.swift */; };
		43FBBD942814224E00C72574 /* UserViewController.swift in Sources */ = {isa = PBXBuildFile; fileRef = 43FBBD932814224E00C72574 /* UserViewController.swift */; };
		43FBBD97281613C000C72574 /* Barcode.swift in Sources */ = {isa = PBXBuildFile; fileRef = 43FBBD96281613C000C72574 /* Barcode.swift */; };
		43FBBD9A281616C100C72574 /* isbn.swift in Sources */ = {isa = PBXBuildFile; fileRef = 43FBBD99281616C100C72574 /* isbn.swift */; };
		43FBBD9C281616E100C72574 /* isbnManager.swift in Sources */ = {isa = PBXBuildFile; fileRef = 43FBBD9B281616E100C72574 /* isbnManager.swift */; };
/* End PBXBuildFile section */

/* Begin PBXFileReference section */
		43FBBD752814162700C72574 /* Book2Manager.app */ = {isa = PBXFileReference; explicitFileType = wrapper.application; includeInIndex = 0; path = Book2Manager.app; sourceTree = BUILT_PRODUCTS_DIR; };
		43FBBD782814162700C72574 /* AppDelegate.swift */ = {isa = PBXFileReference; lastKnownFileType = sourcecode.swift; path = AppDelegate.swift; sourceTree = "<group>"; };
		43FBBD7A2814162700C72574 /* SceneDelegate.swift */ = {isa = PBXFileReference; lastKnownFileType = sourcecode.swift; path = SceneDelegate.swift; sourceTree = "<group>"; };
		43FBBD7F2814162700C72574 /* Base */ = {isa = PBXFileReference; lastKnownFileType = file.storyboard; name = Base; path = Base.lproj/Main.storyboard; sourceTree = "<group>"; };
		43FBBD812814162800C72574 /* Assets.xcassets */ = {isa = PBXFileReference; lastKnownFileType = folder.assetcatalog; path = Assets.xcassets; sourceTree = "<group>"; };
		43FBBD842814162800C72574 /* Base */ = {isa = PBXFileReference; lastKnownFileType = file.storyboard; name = Base; path = Base.lproj/LaunchScreen.storyboard; sourceTree = "<group>"; };
		43FBBD862814162800C72574 /* Info.plist */ = {isa = PBXFileReference; lastKnownFileType = text.plist.xml; path = Info.plist; sourceTree = "<group>"; };
		43FBBD8F281421E600C72574 /* RegisterViewController.swift */ = {isa = PBXFileReference; lastKnownFileType = sourcecode.swift; path = RegisterViewController.swift; sourceTree = "<group>"; };
		43FBBD912814223F00C72574 /* DeleteViewController.swift */ = {isa = PBXFileReference; lastKnownFileType = sourcecode.swift; path = DeleteViewController.swift; sourceTree = "<group>"; };
		43FBBD932814224E00C72574 /* UserViewController.swift */ = {isa = PBXFileReference; lastKnownFileType = sourcecode.swift; path = UserViewController.swift; sourceTree = "<group>"; };
		43FBBD96281613C000C72574 /* Barcode.swift */ = {isa = PBXFileReference; lastKnownFileType = sourcecode.swift; path = Barcode.swift; sourceTree = "<group>"; };
		43FBBD99281616C100C72574 /* isbn.swift */ = {isa = PBXFileReference; lastKnownFileType = sourcecode.swift; path = isbn.swift; sourceTree = "<group>"; };
		43FBBD9B281616E100C72574 /* isbnManager.swift */ = {isa = PBXFileReference; lastKnownFileType = sourcecode.swift; path = isbnManager.swift; sourceTree = "<group>"; };
/* End PBXFileReference section */

/* Begin PBXFrameworksBuildPhase section */
		43FBBD722814162700C72574 /* Frameworks */ = {
			isa = PBXFrameworksBuildPhase;
			buildActionMask = 2147483647;
			files = (
			);
			runOnlyForDeploymentPostprocessing = 0;
		};
/* End PBXFrameworksBuildPhase section */

/* Begin PBXGroup section */
		43FBBD6C2814162700C72574 = {
			isa = PBXGroup;
			children = (
				43FBBD772814162700C72574 /* Book2Manager */,
				43FBBD762814162700C72574 /* Products */,
			);
			sourceTree = "<group>";
		};
		43FBBD762814162700C72574 /* Products */ = {
			isa = PBXGroup;
			children = (
				43FBBD752814162700C72574 /* Book2Manager.app */,
			);
			name = Products;
			sourceTree = "<group>";
		};
		43FBBD772814162700C72574 /* Book2Manager */ = {
			isa = PBXGroup;
			children = (
				43FBBD9D2816380500C72574 /* View */,
				43FBBD952816139B00C72574 /* Model */,
				43FBBD8C28141E1700C72574 /* Controller */,
				43FBBD782814162700C72574 /* AppDelegate.swift */,
				43FBBD7A2814162700C72574 /* SceneDelegate.swift */,
				43FBBD7E2814162700C72574 /* Main.storyboard */,
				43FBBD812814162800C72574 /* Assets.xcassets */,
				43FBBD832814162800C72574 /* LaunchScreen.storyboard */,
				43FBBD862814162800C72574 /* Info.plist */,
			);
			path = Book2Manager;
			sourceTree = "<group>";
		};
		43FBBD8C28141E1700C72574 /* Controller */ = {
			isa = PBXGroup;
			children = (
				43FBBD8F281421E600C72574 /* RegisterViewController.swift */,
				43FBBD912814223F00C72574 /* DeleteViewController.swift */,
				43FBBD932814224E00C72574 /* UserViewController.swift */,
			);
			path = Controller;
			sourceTree = "<group>";
		};
		43FBBD952816139B00C72574 /* Model */ = {
			isa = PBXGroup;
			children = (
				43FBBD98281616AE00C72574 /* ISBN */,
				43FBBD96281613C000C72574 /* Barcode.swift */,
			);
			path = Model;
			sourceTree = "<group>";
		};
		43FBBD98281616AE00C72574 /* ISBN */ = {
			isa = PBXGroup;
			children = (
				43FBBD99281616C100C72574 /* isbn.swift */,
				43FBBD9B281616E100C72574 /* isbnManager.swift */,
			);
			path = ISBN;
			sourceTree = "<group>";
		};
		43FBBD9D2816380500C72574 /* View */ = {
			isa = PBXGroup;
			children = (
			);
			path = View;
			sourceTree = "<group>";
		};
/* End PBXGroup section */

/* Begin PBXNativeTarget section */
		43FBBD742814162700C72574 /* Book2Manager */ = {
			isa = PBXNativeTarget;
			buildConfigurationList = 43FBBD892814162800C72574 /* Build configuration list for PBXNativeTarget "Book2Manager" */;
			buildPhases = (
				43FBBD712814162700C72574 /* Sources */,
				43FBBD722814162700C72574 /* Frameworks */,
				43FBBD732814162700C72574 /* Resources */,
			);
			buildRules = (
			);
			dependencies = (
			);
			name = Book2Manager;
			productName = Book2Manager;
			productReference = 43FBBD752814162700C72574 /* Book2Manager.app */;
			productType = "com.apple.product-type.application";
		};
/* End PBXNativeTarget section */

/* Begin PBXProject section */
		43FBBD6D2814162700C72574 /* Project object */ = {
			isa = PBXProject;
			attributes = {
				LastSwiftUpdateCheck = 1250;
				LastUpgradeCheck = 1250;
				TargetAttributes = {
					43FBBD742814162700C72574 = {
						CreatedOnToolsVersion = 12.5;
					};
				};
			};
			buildConfigurationList = 43FBBD702814162700C72574 /* Build configuration list for PBXProject "Book2Manager" */;
			compatibilityVersion = "Xcode 9.3";
			developmentRegion = en;
			hasScannedForEncodings = 0;
			knownRegions = (
				en,
				Base,
			);
			mainGroup = 43FBBD6C2814162700C72574;
			productRefGroup = 43FBBD762814162700C72574 /* Products */;
			projectDirPath = "";
			projectRoot = "";
			targets = (
				43FBBD742814162700C72574 /* Book2Manager */,
			);
		};
/* End PBXProject section */

/* Begin PBXResourcesBuildPhase section */
		43FBBD732814162700C72574 /* Resources */ = {
			isa = PBXResourcesBuildPhase;
			buildActionMask = 2147483647;
			files = (
				43FBBD852814162800C72574 /* LaunchScreen.storyboard in Resources */,
				43FBBD822814162800C72574 /* Assets.xcassets in Resources */,
				43FBBD802814162700C72574 /* Main.storyboard in Resources */,
			);
			runOnlyForDeploymentPostprocessing = 0;
		};
/* End PBXResourcesBuildPhase section */

/* Begin PBXSourcesBuildPhase section */
		43FBBD712814162700C72574 /* Sources */ = {
			isa = PBXSourcesBuildPhase;
			buildActionMask = 2147483647;
			files = (
				43FBBD942814224E00C72574 /* UserViewController.swift in Sources */,
				43FBBD792814162700C72574 /* AppDelegate.swift in Sources */,
				43FBBD97281613C000C72574 /* Barcode.swift in Sources */,
				43FBBD9C281616E100C72574 /* isbnManager.swift in Sources */,
				43FBBD7B2814162700C72574 /* SceneDelegate.swift in Sources */,
				43FBBD9A281616C100C72574 /* isbn.swift in Sources */,
				43FBBD90281421E600C72574 /* RegisterViewController.swift in Sources */,
				43FBBD922814223F00C72574 /* DeleteViewController.swift in Sources */,
			);
			runOnlyForDeploymentPostprocessing = 0;
		};
/* End PBXSourcesBuildPhase section */

/* Begin PBXVariantGroup section */
		43FBBD7E2814162700C72574 /* Main.storyboard */ = {
			isa = PBXVariantGroup;
			children = (
				43FBBD7F2814162700C72574 /* Base */,
			);
			name = Main.storyboard;
			sourceTree = "<group>";
		};
		43FBBD832814162800C72574 /* LaunchScreen.storyboard */ = {
			isa = PBXVariantGroup;
			children = (
				43FBBD842814162800C72574 /* Base */,
			);
			name = LaunchScreen.storyboard;
			sourceTree = "<group>";
		};
/* End PBXVariantGroup section */

/* Begin XCBuildConfiguration section */
		43FBBD872814162800C72574 /* Debug */ = {
			isa = XCBuildConfiguration;
			buildSettings = {
				ALWAYS_SEARCH_USER_PATHS = NO;
				CLANG_ANALYZER_NONNULL = YES;
				CLANG_ANALYZER_NUMBER_OBJECT_CONVERSION = YES_AGGRESSIVE;
				CLANG_CXX_LANGUAGE_STANDARD = "gnu++14";
				CLANG_CXX_LIBRARY = "libc++";
				CLANG_ENABLE_MODULES = YES;
				CLANG_ENABLE_OBJC_ARC = YES;
				CLANG_ENABLE_OBJC_WEAK = YES;
				CLANG_WARN_BLOCK_CAPTURE_AUTORELEASING = YES;
				CLANG_WARN_BOOL_CONVERSION = YES;
				CLANG_WARN_COMMA = YES;
				CLANG_WARN_CONSTANT_CONVERSION = YES;
				CLANG_WARN_DEPRECATED_OBJC_IMPLEMENTATIONS = YES;
				CLANG_WARN_DIRECT_OBJC_ISA_USAGE = YES_ERROR;
				CLANG_WARN_DOCUMENTATION_COMMENTS = YES;
				CLANG_WARN_EMPTY_BODY = YES;
				CLANG_WARN_ENUM_CONVERSION = YES;
				CLANG_WARN_INFINITE_RECURSION = YES;
				CLANG_WARN_INT_CONVERSION = YES;
				CLANG_WARN_NON_LITERAL_NULL_CONVERSION = YES;
				CLANG_WARN_OBJC_IMPLICIT_RETAIN_SELF = YES;
				CLANG_WARN_OBJC_LITERAL_CONVERSION = YES;
				CLANG_WARN_OBJC_ROOT_CLASS = YES_ERROR;
				CLANG_WARN_QUOTED_INCLUDE_IN_FRAMEWORK_HEADER = YES;
				CLANG_WARN_RANGE_LOOP_ANALYSIS = YES;
				CLANG_WARN_STRICT_PROTOTYPES = YES;
				CLANG_WARN_SUSPICIOUS_MOVE = YES;
				CLANG_WARN_UNGUARDED_AVAILABILITY = YES_AGGRESSIVE;
				CLANG_WARN_UNREACHABLE_CODE = YES;
				CLANG_WARN__DUPLICATE_METHOD_MATCH = YES;
				COPY_PHASE_STRIP = NO;
				DEBUG_INFORMATION_FORMAT = dwarf;
				ENABLE_STRICT_OBJC_MSGSEND = YES;
				ENABLE_TESTABILITY = YES;
				GCC_C_LANGUAGE_STANDARD = gnu11;
				GCC_DYNAMIC_NO_PIC = NO;
				GCC_NO_COMMON_BLOCKS = YES;
				GCC_OPTIMIZATION_LEVEL = 0;
				GCC_PREPROCESSOR_DEFINITIONS = (
					"DEBUG=1",
					"$(inherited)",
				);
				GCC_WARN_64_TO_32_BIT_CONVERSION = YES;
				GCC_WARN_ABOUT_RETURN_TYPE = YES_ERROR;
				GCC_WARN_UNDECLARED_SELECTOR = YES;
				GCC_WARN_UNINITIALIZED_AUTOS = YES_AGGRESSIVE;
				GCC_WARN_UNUSED_FUNCTION = YES;
				GCC_WARN_UNUSED_VARIABLE = YES;
				IPHONEOS_DEPLOYMENT_TARGET = 14.5;
				MTL_ENABLE_DEBUG_INFO = INCLUDE_SOURCE;
				MTL_FAST_MATH = YES;
				ONLY_ACTIVE_ARCH = YES;
				SDKROOT = iphoneos;
				SWIFT_ACTIVE_COMPILATION_CONDITIONS = DEBUG;
				SWIFT_OPTIMIZATION_LEVEL = "-Onone";
			};
			name = Debug;
		};
		43FBBD882814162800C72574 /* Release */ = {
			isa = XCBuildConfiguration;
			buildSettings = {
				ALWAYS_SEARCH_USER_PATHS = NO;
				CLANG_ANALYZER_NONNULL = YES;
				CLANG_ANALYZER_NUMBER_OBJECT_CONVERSION = YES_AGGRESSIVE;
				CLANG_CXX_LANGUAGE_STANDARD = "gnu++14";
				CLANG_CXX_LIBRARY = "libc++";
				CLANG_ENABLE_MODULES = YES;
				CLANG_ENABLE_OBJC_ARC = YES;
				CLANG_ENABLE_OBJC_WEAK = YES;
				CLANG_WARN_BLOCK_CAPTURE_AUTORELEASING = YES;
				CLANG_WARN_BOOL_CONVERSION = YES;
				CLANG_WARN_COMMA = YES;
				CLANG_WARN_CONSTANT_CONVERSION = YES;
				CLANG_WARN_DEPRECATED_OBJC_IMPLEMENTATIONS = YES;
				CLANG_WARN_DIRECT_OBJC_ISA_USAGE = YES_ERROR;
				CLANG_WARN_DOCUMENTATION_COMMENTS = YES;
				CLANG_WARN_EMPTY_BODY = YES;
				CLANG_WARN_ENUM_CONVERSION = YES;
				CLANG_WARN_INFINITE_RECURSION = YES;
				CLANG_WARN_INT_CONVERSION = YES;
				CLANG_WARN_NON_LITERAL_NULL_CONVERSION = YES;
				CLANG_WARN_OBJC_IMPLICIT_RETAIN_SELF = YES;
				CLANG_WARN_OBJC_LITERAL_CONVERSION = YES;
				CLANG_WARN_OBJC_ROOT_CLASS = YES_ERROR;
				CLANG_WARN_QUOTED_INCLUDE_IN_FRAMEWORK_HEADER = YES;
				CLANG_WARN_RANGE_LOOP_ANALYSIS = YES;
				CLANG_WARN_STRICT_PROTOTYPES = YES;
				CLANG_WARN_SUSPICIOUS_MOVE = YES;
				CLANG_WARN_UNGUARDED_AVAILABILITY = YES_AGGRESSIVE;
				CLANG_WARN_UNREACHABLE_CODE = YES;
				CLANG_WARN__DUPLICATE_METHOD_MATCH = YES;
				COPY_PHASE_STRIP = NO;
				DEBUG_INFORMATION_FORMAT = "dwarf-with-dsym";
				ENABLE_NS_ASSERTIONS = NO;
				ENABLE_STRICT_OBJC_MSGSEND = YES;
				GCC_C_LANGUAGE_STANDARD = gnu11;
				GCC_NO_COMMON_BLOCKS = YES;
				GCC_WARN_64_TO_32_BIT_CONVERSION = YES;
				GCC_WARN_ABOUT_RETURN_TYPE = YES_ERROR;
				GCC_WARN_UNDECLARED_SELECTOR = YES;
				GCC_WARN_UNINITIALIZED_AUTOS = YES_AGGRESSIVE;
				GCC_WARN_UNUSED_FUNCTION = YES;
				GCC_WARN_UNUSED_VARIABLE = YES;
				IPHONEOS_DEPLOYMENT_TARGET = 14.5;
				MTL_ENABLE_DEBUG_INFO = NO;
				MTL_FAST_MATH = YES;
				SDKROOT = iphoneos;
				SWIFT_COMPILATION_MODE = wholemodule;
				SWIFT_OPTIMIZATION_LEVEL = "-O";
				VALIDATE_PRODUCT = YES;
			};
			name = Release;
		};
		43FBBD8A2814162800C72574 /* Debug */ = {
			isa = XCBuildConfiguration;
			buildSettings = {
				ASSETCATALOG_COMPILER_APPICON_NAME = AppIcon;
				ASSETCATALOG_COMPILER_GLOBAL_ACCENT_COLOR_NAME = AccentColor;
				CODE_SIGN_STYLE = Automatic;
				DEVELOPMENT_TEAM = XQH8MPB962;
				INFOPLIST_FILE = Book2Manager/Info.plist;
				LD_RUNPATH_SEARCH_PATHS = (
					"$(inherited)",
					"@executable_path/Frameworks",
				);
				PRODUCT_BUNDLE_IDENTIFIER = aiba.Book2Manager;
				PRODUCT_NAME = "$(TARGET_NAME)";
				SWIFT_VERSION = 5.0;
				TARGETED_DEVICE_FAMILY = "1,2";
			};
			name = Debug;
		};
		43FBBD8B2814162800C72574 /* Release */ = {
			isa = XCBuildConfiguration;
			buildSettings = {
				ASSETCATALOG_COMPILER_APPICON_NAME = AppIcon;
				ASSETCATALOG_COMPILER_GLOBAL_ACCENT_COLOR_NAME = AccentColor;
				CODE_SIGN_STYLE = Automatic;
				DEVELOPMENT_TEAM = XQH8MPB962;
				INFOPLIST_FILE = Book2Manager/Info.plist;
				LD_RUNPATH_SEARCH_PATHS = (
					"$(inherited)",
					"@executable_path/Frameworks",
				);
				PRODUCT_BUNDLE_IDENTIFIER = aiba.Book2Manager;
				PRODUCT_NAME = "$(TARGET_NAME)";
				SWIFT_VERSION = 5.0;
				TARGETED_DEVICE_FAMILY = "1,2";
			};
			name = Release;
		};
/* End XCBuildConfiguration section */

/* Begin XCConfigurationList section */
		43FBBD702814162700C72574 /* Build configuration list for PBXProject "Book2Manager" */ = {
			isa = XCConfigurationList;
			buildConfigurations = (
				43FBBD872814162800C72574 /* Debug */,
				43FBBD882814162800C72574 /* Release */,
			);
			defaultConfigurationIsVisible = 0;
			defaultConfigurationName = Release;
		};
		43FBBD892814162800C72574 /* Build configuration list for PBXNativeTarget "Book2Manager" */ = {
			isa = XCConfigurationList;
			buildConfigurations = (
				43FBBD8A2814162800C72574 /* Debug */,
				43FBBD8B2814162800C72574 /* Release */,
			);
			defaultConfigurationIsVisible = 0;
			defaultConfigurationName = Release;
		};
/* End XCConfigurationList section */
	};
	rootObject = 43FBBD6D2814162700C72574 /* Project object */;
}
